{
  "name": "sose-express-mongo-docker-jest-vue",
  "version": "0.0.0",
  "lockfileVersion": 3,
  "requires": true,
  "packages": {
    "": {
      "name": "sose-express-mongo-docker-jest-vue",
      "version": "0.0.0",
      "license": "MIT",
      "workspaces": [
        "./packages/backend",
        "./packages/frontend"
      ]
    }
  }
}
